
Microsoft Visual Studio Solution File, Format Version 12.00
# Visual Studio Version 17
VisualStudioVersion = 17.7.34024.191
MinimumVisualStudioVersion = 10.0.40219.1
Project("{8BC9CEB8-8B4A-11D0-8D11-00A0C91BC942}") = "MostFrequentElement", "MostFrequentElement.vcxproj", "{6F6860B4-2F85-4526-AC49-D7B2F4806522}"
EndProject
Global
	GlobalSection(SolutionConfigurationPlatforms) = preSolution
		Debug|x64 = Debug|x64
		Debug|x86 = Debug|x86
		Release|x64 = Release|x64
		Release|x86 = Release|x86
	EndGlobalSection
	GlobalSection(ProjectConfigurationPlatforms) = postSolution
		{6F6860B4-2F85-4526-AC49-D7B2F4806522}.Debug|x64.ActiveCfg = Debug|x64
		{6F6860B4-2F85-4526-AC49-D7B2F4806522}.Debug|x64.Build.0 = Debug|x64
		{6F6860B4-2F85-4526-AC49-D7B2F4806522}.Debug|x86.ActiveCfg = Debug|Win32
		{6F6860B4-2F85-4526-AC49-D7B2F4806522}.Debug|x86.Build.0 = Debug|Win32
		{6F6860B4-2F85-4526-AC49-D7B2F4806522}.Release|x64.ActiveCfg = Release|x64
		{6F6860B4-2F85-4526-AC49-D7B2F4806522}.Release|x64.Build.0 = Release|x64
		{6F6860B4-2F85-4526-AC49-D7B2F4806522}.Release|x86.ActiveCfg = Release|Win32
		{6F6860B4-2F85-4526-AC49-D7B2F4806522}.Release|x86.Build.0 = Release|Win32
	EndGlobalSection
	GlobalSection(SolutionProperties) = preSolution
		HideSolutionNode = FALSE
	EndGlobalSection
	GlobalSection(ExtensibilityGlobals) = postSolution
		SolutionGuid = {C1B87DD3-8535-4171-9956-7FEFBF2E37C5}
	EndGlobalSection
EndGlobal
